
Microsoft Visual Studio Solution File, Format Version 12.00
Project("{FAE04EC0-301F-11D3-BF4B-00C04F79EFBC}") = "NBomber.Sinks.Timescale", "src\NBomber.Sinks.Timescale\NBomber.Sinks.Timescale.csproj", "{E26E42E3-C147-4633-A0F7-55CB3A83073A}"
EndProject
Project("{2150E333-8FDC-42A3-9474-1A3956D46DE8}") = "Solution Items", "Solution Items", "{997E99F2-8640-4A0B-918B-D000900B5F79}"
	ProjectSection(SolutionItems) = preProject
		docker-compose.yml = docker-compose.yml
	EndProjectSection
EndProject
Project("{FAE04EC0-301F-11D3-BF4B-00C04F79EFBC}") = "Demo", "src\Demo\Demo.csproj", "{91AF9F8B-DE4D-42AA-ADB6-7CDC73BBB171}"
EndProject
Global
	GlobalSection(SolutionConfigurationPlatforms) = preSolution
		Debug|Any CPU = Debug|Any CPU
		Release|Any CPU = Release|Any CPU
	EndGlobalSection
	GlobalSection(ProjectConfigurationPlatforms) = postSolution
		{E26E42E3-C147-4633-A0F7-55CB3A83073A}.Debug|Any CPU.ActiveCfg = Debug|Any CPU
		{E26E42E3-C147-4633-A0F7-55CB3A83073A}.Debug|Any CPU.Build.0 = Debug|Any CPU
		{E26E42E3-C147-4633-A0F7-55CB3A83073A}.Release|Any CPU.ActiveCfg = Release|Any CPU
		{E26E42E3-C147-4633-A0F7-55CB3A83073A}.Release|Any CPU.Build.0 = Release|Any CPU
		{91AF9F8B-DE4D-42AA-ADB6-7CDC73BBB171}.Debug|Any CPU.ActiveCfg = Debug|Any CPU
		{91AF9F8B-DE4D-42AA-ADB6-7CDC73BBB171}.Debug|Any CPU.Build.0 = Debug|Any CPU
		{91AF9F8B-DE4D-42AA-ADB6-7CDC73BBB171}.Release|Any CPU.ActiveCfg = Release|Any CPU
		{91AF9F8B-DE4D-42AA-ADB6-7CDC73BBB171}.Release|Any CPU.Build.0 = Release|Any CPU
	EndGlobalSection
EndGlobal
